# THIS IS AN AUTOGENERATED FILE. DO NOT EDIT THIS FILE DIRECTLY.
# yarn lockfile v1


"@casl/ability@^6.3.2":
  version "6.3.2"
  resolved "https://registry.yarnpkg.com/@casl/ability/-/ability-6.3.2.tgz#a975cbb6c73542def1b0518d2894915e608062a2"
  integrity sha512-ygOlg3WDu39t1ZOVdDfRpPXEiCn7F/a7uLBJIuAE6KksdBogzPszFRAuGULmo4h37fXIyouYUilVIryh0ddTRA==
  dependencies:
    "@ucast/mongo2js" "^1.3.0"

"@ucast/core@^1.0.0", "@ucast/core@^1.4.1", "@ucast/core@^1.6.1":
  version "1.10.1"
  resolved "https://registry.yarnpkg.com/@ucast/core/-/core-1.10.1.tgz#03a77a7804bcb5002a5cad3681e86cd1897e2e1f"
  integrity sha512-sXKbvQiagjFh2JCpaHUa64P4UdJbOxYeC5xiZFn8y6iYdb0WkismduE+RmiJrIjw/eLDYmIEXiQeIYYowmkcAw==

"@ucast/js@^3.0.0":
  version "3.0.2"
  resolved "https://registry.yarnpkg.com/@ucast/js/-/js-3.0.2.tgz#862838ee68112c6c262d4f4693cc592ba83157e0"
  integrity sha512-zxNkdIPVvqJjHI7D/iK8Aai1+59yqU+N7bpHFodVmiTN7ukeNiGGpNmmSjQgsUw7eNcEBnPrZHNzp5UBxwmaPw==
  dependencies:
    "@ucast/core" "^1.0.0"

"@ucast/mongo2js@^1.3.0":
  version "1.3.3"
  resolved "https://registry.yarnpkg.com/@ucast/mongo2js/-/mongo2js-1.3.3.tgz#a683a59cea22887a72e4302f3826e41ccf51dbbe"
  integrity sha512-sBPtMUYg+hRnYeVYKL+ATm8FaRPdlU9PijMhGYKgsPGjV9J4Ks41ytIjGayvKUnBOEhiCaKUUnY4qPeifdqATw==
  dependencies:
    "@ucast/core" "^1.6.1"
    "@ucast/js" "^3.0.0"
    "@ucast/mongo" "^2.4.0"

"@ucast/mongo@^2.4.0":
  version "2.4.2"
  resolved "https://registry.yarnpkg.com/@ucast/mongo/-/mongo-2.4.2.tgz#a8a1c32e65ccab623be023e6cedb11d136d50f19"
  integrity sha512-/zH1TdBJlYGKKD+Wh0oyD+aBvDSWrwHcD8b4tUL9UgHLhzHtkEnMVFuxbw3SRIRsAa01wmy06+LWt+WoZdj1Bw==
  dependencies:
    "@ucast/core" "^1.4.1"
